
Microsoft Visual Studio Solution File, Format Version 12.00
# Visual Studio Version 16
VisualStudioVersion = 16.0.31112.23
MinimumVisualStudioVersion = 10.0.40219.1
Project("{FAE04EC0-301F-11D3-BF4B-00C04F79EFBC}") = "Scheduler", "Scheduler\Scheduler.csproj", "{506C3CAD-112B-4063-9B20-0E3E25E76CE9}"
EndProject
Global
	GlobalSection(SolutionConfigurationPlatforms) = preSolution
		Debug|Any CPU = Debug|Any CPU
		Release|Any CPU = Release|Any CPU
	EndGlobalSection
	GlobalSection(ProjectConfigurationPlatforms) = postSolution
		{506C3CAD-112B-4063-9B20-0E3E25E76CE9}.Debug|Any CPU.ActiveCfg = Debug|Any CPU
		{506C3CAD-112B-4063-9B20-0E3E25E76CE9}.Debug|Any CPU.Build.0 = Debug|Any CPU
		{506C3CAD-112B-4063-9B20-0E3E25E76CE9}.Release|Any CPU.ActiveCfg = Release|Any CPU
		{506C3CAD-112B-4063-9B20-0E3E25E76CE9}.Release|Any CPU.Build.0 = Release|Any CPU
	EndGlobalSection
	GlobalSection(SolutionProperties) = preSolution
		HideSolutionNode = FALSE
	EndGlobalSection
	GlobalSection(ExtensibilityGlobals) = postSolution
		SolutionGuid = {A6EC24E0-C0D3-406A-A3AE-7B5AD3BA0B33}
	EndGlobalSection
EndGlobal
